{
  "version": "4",
  "specifiers": {
    "npm:@jsr/std__assert@^1.0.11": "1.0.11",
    "npm:@jsr/std__cli@^1.0.11": "1.0.11",
    "npm:typescript@^5.7.3": "5.7.3"
  },
  "npm": {
    "@jsr/std__assert@1.0.11": {
      "integrity": "sha512-sNXyi9EQA4f/9F3gI1t+Dz+LnvPwCC3JDUqn9YfWl7IK7RRipiHOkDpV8Vq3LL/ZDZF8Tcr36zVhuEOrRs8i+g==",
      "dependencies": [
        "@jsr/std__internal"
      ]
    },
    "@jsr/std__cli@1.0.11": {
      "integrity": "sha512-XrSHq0Y6dt9Fc+uDxSLfiPW/e1A+naa6YbAqasHDIWKu34bS5SyjJmaO+Sd/j1fB9vaj/ZN2Fhv7adFA3QL1zA=="
    },
    "@jsr/std__internal@1.0.5": {
      "integrity": "sha512-W2aN7UypJJ6EkfyXt5hBeIijBb8CmZk0jdjCzhOROr0SrXsXZ/V/9Qu1N0NxumFauPDAJz9NcP1mmZ9ZVSXwpQ=="
    },
    "typescript@5.7.3": {
      "integrity": "sha512-84MVSjMEHP+FQRPy3pX9sTVV/INIex71s9TL2Gm5FG/WG1SqXeKyZ0k7/blY/4FdOzI12CBy1vGc4og/eus0fw=="
    }
  },
  "workspace": {
    "packageJson": {
      "dependencies": [
        "npm:@jsr/std__assert@^1.0.11",
        "npm:@jsr/std__cli@^1.0.11",
        "npm:typescript@^5.7.3"
      ]
    }
  }
}
